
Microsoft Visual Studio Solution File, Format Version 12.00
# Visual Studio Version 17
VisualStudioVersion = 17.5.002.0
MinimumVisualStudioVersion = 10.0.40219.1
Project("{9A19103F-16F7-4668-BE54-9A1E7A4F7556}") = "ToDoList.API", "ToDoList.API\ToDoList.API.csproj", "{AAAE45FC-6DBB-4634-A32D-A78095BEFF1C}"
EndProject
Project("{FAE04EC0-301F-11D3-BF4B-00C04F79EFBC}") = "ToDoList.Business", "ToDoList.Business\ToDoList.Business.csproj", "{5C09D9E2-06AB-4DFA-A194-5B9671E1BADF}"
EndProject
Project("{FAE04EC0-301F-11D3-BF4B-00C04F79EFBC}") = "ToDoList.Core", "ToDoList.Core\ToDoList.Core.csproj", "{F474E0F2-7BCD-4B61-A9B2-33D223D9254D}"
EndProject
Project("{FAE04EC0-301F-11D3-BF4B-00C04F79EFBC}") = "ToDoList.Data", "ToDoList.Data\ToDoList.Data.csproj", "{08611FAC-B82F-460B-A81C-43B21CB7B036}"
EndProject
Global
	GlobalSection(SolutionConfigurationPlatforms) = preSolution
		Debug|Any CPU = Debug|Any CPU
		Release|Any CPU = Release|Any CPU
	EndGlobalSection
	GlobalSection(ProjectConfigurationPlatforms) = postSolution
		{AAAE45FC-6DBB-4634-A32D-A78095BEFF1C}.Debug|Any CPU.ActiveCfg = Debug|Any CPU
		{AAAE45FC-6DBB-4634-A32D-A78095BEFF1C}.Debug|Any CPU.Build.0 = Debug|Any CPU
		{AAAE45FC-6DBB-4634-A32D-A78095BEFF1C}.Release|Any CPU.ActiveCfg = Release|Any CPU
		{AAAE45FC-6DBB-4634-A32D-A78095BEFF1C}.Release|Any CPU.Build.0 = Release|Any CPU
		{5C09D9E2-06AB-4DFA-A194-5B9671E1BADF}.Debug|Any CPU.ActiveCfg = Debug|Any CPU
		{5C09D9E2-06AB-4DFA-A194-5B9671E1BADF}.Debug|Any CPU.Build.0 = Debug|Any CPU
		{5C09D9E2-06AB-4DFA-A194-5B9671E1BADF}.Release|Any CPU.ActiveCfg = Release|Any CPU
		{5C09D9E2-06AB-4DFA-A194-5B9671E1BADF}.Release|Any CPU.Build.0 = Release|Any CPU
		{F474E0F2-7BCD-4B61-A9B2-33D223D9254D}.Debug|Any CPU.ActiveCfg = Debug|Any CPU
		{F474E0F2-7BCD-4B61-A9B2-33D223D9254D}.Debug|Any CPU.Build.0 = Debug|Any CPU
		{F474E0F2-7BCD-4B61-A9B2-33D223D9254D}.Release|Any CPU.ActiveCfg = Release|Any CPU
		{F474E0F2-7BCD-4B61-A9B2-33D223D9254D}.Release|Any CPU.Build.0 = Release|Any CPU
		{08611FAC-B82F-460B-A81C-43B21CB7B036}.Debug|Any CPU.ActiveCfg = Debug|Any CPU
		{08611FAC-B82F-460B-A81C-43B21CB7B036}.Debug|Any CPU.Build.0 = Debug|Any CPU
		{08611FAC-B82F-460B-A81C-43B21CB7B036}.Release|Any CPU.ActiveCfg = Release|Any CPU
		{08611FAC-B82F-460B-A81C-43B21CB7B036}.Release|Any CPU.Build.0 = Release|Any CPU
	EndGlobalSection
	GlobalSection(SolutionProperties) = preSolution
		HideSolutionNode = FALSE
	EndGlobalSection
	GlobalSection(ExtensibilityGlobals) = postSolution
		SolutionGuid = {D37DAD43-798A-41F9-AA21-5C2344330070}
	EndGlobalSection
EndGlobal
